
Microsoft Visual Studio Solution File, Format Version 12.00
# Visual Studio Version 16
VisualStudioVersion = 16.0.31112.23
MinimumVisualStudioVersion = 10.0.40219.1
Project("{FAE04EC0-301F-11D3-BF4B-00C04F79EFBC}") = "A.2_ConcatNames", "A.2_ConcatNames.csproj", "{9117768B-A0B5-4564-B6CF-38E1B4EB4F77}"
EndProject
Global
	GlobalSection(SolutionConfigurationPlatforms) = preSolution
		Debug|Any CPU = Debug|Any CPU
		Release|Any CPU = Release|Any CPU
	EndGlobalSection
	GlobalSection(ProjectConfigurationPlatforms) = postSolution
		{9117768B-A0B5-4564-B6CF-38E1B4EB4F77}.Debug|Any CPU.ActiveCfg = Debug|Any CPU
		{9117768B-A0B5-4564-B6CF-38E1B4EB4F77}.Debug|Any CPU.Build.0 = Debug|Any CPU
		{9117768B-A0B5-4564-B6CF-38E1B4EB4F77}.Release|Any CPU.ActiveCfg = Release|Any CPU
		{9117768B-A0B5-4564-B6CF-38E1B4EB4F77}.Release|Any CPU.Build.0 = Release|Any CPU
	EndGlobalSection
	GlobalSection(SolutionProperties) = preSolution
		HideSolutionNode = FALSE
	EndGlobalSection
	GlobalSection(ExtensibilityGlobals) = postSolution
		SolutionGuid = {F1FA36DB-2FD0-4C7E-93BC-80C10C66B375}
	EndGlobalSection
EndGlobal
